
Microsoft Visual Studio Solution File, Format Version 12.00
# Visual Studio 15
VisualStudioVersion = 15.0.28307.329
MinimumVisualStudioVersion = 10.0.40219.1
Project("{FAE04EC0-301F-11D3-BF4B-00C04F79EFBC}") = "RabbitMQ", "RabbitMQ\RabbitMQ.csproj", "{8F0B86C0-FD36-4701-958B-EEDD4463D7E4}"
EndProject
Project("{FAE04EC0-301F-11D3-BF4B-00C04F79EFBC}") = "RabbitMQ.Receiving", "RabbitMQ.Receiving\RabbitMQ.Receiving.csproj", "{43A6D85F-1787-4CEA-B6EA-6E16C0E2EDDB}"
EndProject
Global
	GlobalSection(SolutionConfigurationPlatforms) = preSolution
		Debug|Any CPU = Debug|Any CPU
		Release|Any CPU = Release|Any CPU
	EndGlobalSection
	GlobalSection(ProjectConfigurationPlatforms) = postSolution
		{8F0B86C0-FD36-4701-958B-EEDD4463D7E4}.Debug|Any CPU.ActiveCfg = Debug|Any CPU
		{8F0B86C0-FD36-4701-958B-EEDD4463D7E4}.Debug|Any CPU.Build.0 = Debug|Any CPU
		{8F0B86C0-FD36-4701-958B-EEDD4463D7E4}.Release|Any CPU.ActiveCfg = Release|Any CPU
		{8F0B86C0-FD36-4701-958B-EEDD4463D7E4}.Release|Any CPU.Build.0 = Release|Any CPU
		{43A6D85F-1787-4CEA-B6EA-6E16C0E2EDDB}.Debug|Any CPU.ActiveCfg = Debug|Any CPU
		{43A6D85F-1787-4CEA-B6EA-6E16C0E2EDDB}.Debug|Any CPU.Build.0 = Debug|Any CPU
		{43A6D85F-1787-4CEA-B6EA-6E16C0E2EDDB}.Release|Any CPU.ActiveCfg = Release|Any CPU
		{43A6D85F-1787-4CEA-B6EA-6E16C0E2EDDB}.Release|Any CPU.Build.0 = Release|Any CPU
	EndGlobalSection
	GlobalSection(SolutionProperties) = preSolution
		HideSolutionNode = FALSE
	EndGlobalSection
	GlobalSection(ExtensibilityGlobals) = postSolution
		SolutionGuid = {2F2B3F80-565C-4C4C-AF10-DB7F6A00F867}
	EndGlobalSection
EndGlobal
